
Microsoft Visual Studio Solution File, Format Version 12.00
# Visual Studio Version 17
VisualStudioVersion = 17.4.33122.133
MinimumVisualStudioVersion = 10.0.40219.1
Project("{8BC9CEB8-8B4A-11D0-8D11-00A0C91BC942}") = "Hotel-management", "Hotel-management.vcxproj", "{FAEEB79D-8097-4C9D-852B-7AD7E2ABADEC}"
EndProject
Global
	GlobalSection(SolutionConfigurationPlatforms) = preSolution
		Debug|x64 = Debug|x64
		Debug|x86 = Debug|x86
		Release|x64 = Release|x64
		Release|x86 = Release|x86
	EndGlobalSection
	GlobalSection(ProjectConfigurationPlatforms) = postSolution
		{FAEEB79D-8097-4C9D-852B-7AD7E2ABADEC}.Debug|x64.ActiveCfg = Debug|x64
		{FAEEB79D-8097-4C9D-852B-7AD7E2ABADEC}.Debug|x64.Build.0 = Debug|x64
		{FAEEB79D-8097-4C9D-852B-7AD7E2ABADEC}.Debug|x86.ActiveCfg = Debug|Win32
		{FAEEB79D-8097-4C9D-852B-7AD7E2ABADEC}.Debug|x86.Build.0 = Debug|Win32
		{FAEEB79D-8097-4C9D-852B-7AD7E2ABADEC}.Release|x64.ActiveCfg = Release|x64
		{FAEEB79D-8097-4C9D-852B-7AD7E2ABADEC}.Release|x64.Build.0 = Release|x64
		{FAEEB79D-8097-4C9D-852B-7AD7E2ABADEC}.Release|x86.ActiveCfg = Release|Win32
		{FAEEB79D-8097-4C9D-852B-7AD7E2ABADEC}.Release|x86.Build.0 = Release|Win32
	EndGlobalSection
	GlobalSection(SolutionProperties) = preSolution
		HideSolutionNode = FALSE
	EndGlobalSection
	GlobalSection(ExtensibilityGlobals) = postSolution
		SolutionGuid = {F7090B7E-A541-4099-85BA-EDF9F9185DB2}
	EndGlobalSection
EndGlobal
